
Microsoft Visual Studio Solution File, Format Version 12.00
# Visual Studio Version 16
VisualStudioVersion = 16.0.28922.388
MinimumVisualStudioVersion = 10.0.40219.1
Project("{2150E333-8FDC-42A3-9474-1A3956D46DE8}") = "01. Client", "01. Client", "{AB325CFA-0C98-47D8-9C30-353E358F2ADC}"
EndProject
Project("{2150E333-8FDC-42A3-9474-1A3956D46DE8}") = "02. Engine", "02. Engine", "{09795F0A-191E-4B32-AB83-58EF70DA9045}"
EndProject
Project("{2150E333-8FDC-42A3-9474-1A3956D46DE8}") = "03. Editor", "03. Editor", "{F7E080DF-6767-4430-B253-5A8479518060}"
EndProject
Project("{8BC9CEB8-8B4A-11D0-8D11-00A0C91BC942}") = "GameEditor", "GameEditor\Include\GameEditor.vcxproj", "{6AB04687-0513-4A62-A07E-C49A85E5250A}"
	ProjectSection(ProjectDependencies) = postProject
		{C2310F9A-925F-40EE-8E01-397A57DCD625} = {C2310F9A-925F-40EE-8E01-397A57DCD625}
	EndProjectSection
EndProject
Project("{8BC9CEB8-8B4A-11D0-8D11-00A0C91BC942}") = "GameClient", "GameClient\Include\GameClient.vcxproj", "{C8CF2B28-33F7-4971-975C-9382CF7B07D5}"
	ProjectSection(ProjectDependencies) = postProject
		{6AB04687-0513-4A62-A07E-C49A85E5250A} = {6AB04687-0513-4A62-A07E-C49A85E5250A}
		{C2310F9A-925F-40EE-8E01-397A57DCD625} = {C2310F9A-925F-40EE-8E01-397A57DCD625}
	EndProjectSection
EndProject
Project("{8BC9CEB8-8B4A-11D0-8D11-00A0C91BC942}") = "Client", "Client\Include\Client.vcxproj", "{C04F55AC-5535-4FA4-AE4D-B971A7A936E8}"
	ProjectSection(ProjectDependencies) = postProject
		{C2310F9A-925F-40EE-8E01-397A57DCD625} = {C2310F9A-925F-40EE-8E01-397A57DCD625}
	EndProjectSection
EndProject
Project("{8BC9CEB8-8B4A-11D0-8D11-00A0C91BC942}") = "Editor", "Editor\Include\Editor.vcxproj", "{7BC6DE5D-D827-4F39-AF68-49D743A1F132}"
	ProjectSection(ProjectDependencies) = postProject
		{C2310F9A-925F-40EE-8E01-397A57DCD625} = {C2310F9A-925F-40EE-8E01-397A57DCD625}
	EndProjectSection
EndProject
Project("{2150E333-8FDC-42A3-9474-1A3956D46DE8}") = "04. Server", "04. Server", "{01F03EDD-CC88-4EF8-AFD1-59121EA61375}"
EndProject
Project("{8BC9CEB8-8B4A-11D0-8D11-00A0C91BC942}") = "GameEngine", "GameEngine\Include\GameEngine.vcxproj", "{C2310F9A-925F-40EE-8E01-397A57DCD625}"
EndProject
Project("{8BC9CEB8-8B4A-11D0-8D11-00A0C91BC942}") = "Server", "Server\Include\Server.vcxproj", "{102FD7D1-1363-4CBD-A583-9548B52518D5}"
	ProjectSection(ProjectDependencies) = postProject
		{C2310F9A-925F-40EE-8E01-397A57DCD625} = {C2310F9A-925F-40EE-8E01-397A57DCD625}
	EndProjectSection
EndProject
Global
	GlobalSection(SolutionConfigurationPlatforms) = preSolution
		Debug|x64 = Debug|x64
		Debug|x86 = Debug|x86
		Release|x64 = Release|x64
		Release|x86 = Release|x86
	EndGlobalSection
	GlobalSection(ProjectConfigurationPlatforms) = postSolution
		{6AB04687-0513-4A62-A07E-C49A85E5250A}.Debug|x64.ActiveCfg = Debug|x64
		{6AB04687-0513-4A62-A07E-C49A85E5250A}.Debug|x64.Build.0 = Debug|x64
		{6AB04687-0513-4A62-A07E-C49A85E5250A}.Debug|x86.ActiveCfg = Debug|Win32
		{6AB04687-0513-4A62-A07E-C49A85E5250A}.Debug|x86.Build.0 = Debug|Win32
		{6AB04687-0513-4A62-A07E-C49A85E5250A}.Release|x64.ActiveCfg = Release|x64
		{6AB04687-0513-4A62-A07E-C49A85E5250A}.Release|x64.Build.0 = Release|x64
		{6AB04687-0513-4A62-A07E-C49A85E5250A}.Release|x86.ActiveCfg = Release|Win32
		{6AB04687-0513-4A62-A07E-C49A85E5250A}.Release|x86.Build.0 = Release|Win32
		{C8CF2B28-33F7-4971-975C-9382CF7B07D5}.Debug|x64.ActiveCfg = Debug|x64
		{C8CF2B28-33F7-4971-975C-9382CF7B07D5}.Debug|x64.Build.0 = Debug|x64
		{C8CF2B28-33F7-4971-975C-9382CF7B07D5}.Debug|x86.ActiveCfg = Debug|Win32
		{C8CF2B28-33F7-4971-975C-9382CF7B07D5}.Debug|x86.Build.0 = Debug|Win32
		{C8CF2B28-33F7-4971-975C-9382CF7B07D5}.Release|x64.ActiveCfg = Release|x64
		{C8CF2B28-33F7-4971-975C-9382CF7B07D5}.Release|x64.Build.0 = Release|x64
		{C8CF2B28-33F7-4971-975C-9382CF7B07D5}.Release|x86.ActiveCfg = Release|Win32
		{C8CF2B28-33F7-4971-975C-9382CF7B07D5}.Release|x86.Build.0 = Release|Win32
		{C04F55AC-5535-4FA4-AE4D-B971A7A936E8}.Debug|x64.ActiveCfg = Debug|x64
		{C04F55AC-5535-4FA4-AE4D-B971A7A936E8}.Debug|x64.Build.0 = Debug|x64
		{C04F55AC-5535-4FA4-AE4D-B971A7A936E8}.Debug|x86.ActiveCfg = Debug|Win32
		{C04F55AC-5535-4FA4-AE4D-B971A7A936E8}.Debug|x86.Build.0 = Debug|Win32
		{C04F55AC-5535-4FA4-AE4D-B971A7A936E8}.Release|x64.ActiveCfg = Release|x64
		{C04F55AC-5535-4FA4-AE4D-B971A7A936E8}.Release|x64.Build.0 = Release|x64
		{C04F55AC-5535-4FA4-AE4D-B971A7A936E8}.Release|x86.ActiveCfg = Release|Win32
		{C04F55AC-5535-4FA4-AE4D-B971A7A936E8}.Release|x86.Build.0 = Release|Win32
		{7BC6DE5D-D827-4F39-AF68-49D743A1F132}.Debug|x64.ActiveCfg = Debug|x64
		{7BC6DE5D-D827-4F39-AF68-49D743A1F132}.Debug|x64.Build.0 = Debug|x64
		{7BC6DE5D-D827-4F39-AF68-49D743A1F132}.Debug|x86.ActiveCfg = Debug|Win32
		{7BC6DE5D-D827-4F39-AF68-49D743A1F132}.Debug|x86.Build.0 = Debug|Win32
		{7BC6DE5D-D827-4F39-AF68-49D743A1F132}.Release|x64.ActiveCfg = Release|x64
		{7BC6DE5D-D827-4F39-AF68-49D743A1F132}.Release|x64.Build.0 = Release|x64
		{7BC6DE5D-D827-4F39-AF68-49D743A1F132}.Release|x86.ActiveCfg = Release|Win32
		{7BC6DE5D-D827-4F39-AF68-49D743A1F132}.Release|x86.Build.0 = Release|Win32
		{C2310F9A-925F-40EE-8E01-397A57DCD625}.Debug|x64.ActiveCfg = Debug|x64
		{C2310F9A-925F-40EE-8E01-397A57DCD625}.Debug|x64.Build.0 = Debug|x64
		{C2310F9A-925F-40EE-8E01-397A57DCD625}.Debug|x86.ActiveCfg = Debug|Win32
		{C2310F9A-925F-40EE-8E01-397A57DCD625}.Debug|x86.Build.0 = Debug|Win32
		{C2310F9A-925F-40EE-8E01-397A57DCD625}.Release|x64.ActiveCfg = Release|x64
		{C2310F9A-925F-40EE-8E01-397A57DCD625}.Release|x64.Build.0 = Release|x64
		{C2310F9A-925F-40EE-8E01-397A57DCD625}.Release|x86.ActiveCfg = Release|Win32
		{C2310F9A-925F-40EE-8E01-397A57DCD625}.Release|x86.Build.0 = Release|Win32
		{102FD7D1-1363-4CBD-A583-9548B52518D5}.Debug|x64.ActiveCfg = Debug|x64
		{102FD7D1-1363-4CBD-A583-9548B52518D5}.Debug|x64.Build.0 = Debug|x64
		{102FD7D1-1363-4CBD-A583-9548B52518D5}.Debug|x86.ActiveCfg = Debug|Win32
		{102FD7D1-1363-4CBD-A583-9548B52518D5}.Debug|x86.Build.0 = Debug|Win32
		{102FD7D1-1363-4CBD-A583-9548B52518D5}.Release|x64.ActiveCfg = Release|x64
		{102FD7D1-1363-4CBD-A583-9548B52518D5}.Release|x64.Build.0 = Release|x64
		{102FD7D1-1363-4CBD-A583-9548B52518D5}.Release|x86.ActiveCfg = Release|Win32
		{102FD7D1-1363-4CBD-A583-9548B52518D5}.Release|x86.Build.0 = Release|Win32
	EndGlobalSection
	GlobalSection(SolutionProperties) = preSolution
		HideSolutionNode = FALSE
	EndGlobalSection
	GlobalSection(NestedProjects) = preSolution
		{6AB04687-0513-4A62-A07E-C49A85E5250A} = {F7E080DF-6767-4430-B253-5A8479518060}
		{C8CF2B28-33F7-4971-975C-9382CF7B07D5} = {AB325CFA-0C98-47D8-9C30-353E358F2ADC}
		{C04F55AC-5535-4FA4-AE4D-B971A7A936E8} = {AB325CFA-0C98-47D8-9C30-353E358F2ADC}
		{7BC6DE5D-D827-4F39-AF68-49D743A1F132} = {F7E080DF-6767-4430-B253-5A8479518060}
		{C2310F9A-925F-40EE-8E01-397A57DCD625} = {09795F0A-191E-4B32-AB83-58EF70DA9045}
		{102FD7D1-1363-4CBD-A583-9548B52518D5} = {01F03EDD-CC88-4EF8-AFD1-59121EA61375}
	EndGlobalSection
	GlobalSection(ExtensibilityGlobals) = postSolution
		SolutionGuid = {7BA15780-973D-4481-9225-5A569EDCAE67}
	EndGlobalSection
EndGlobal
