<?xml version="1.0" encoding="utf-8"?>
<Project ToolsVersion="4.0" xmlns="http://schemas.microsoft.com/developer/msbuild/2003">
  <ItemGroup>
    <Filter Include="소스 파일">
      <UniqueIdentifier>{4FC737F1-C7A5-4376-A066-2A32D752A2FF}</UniqueIdentifier>
      <Extensions>cpp;c;cc;cxx;def;odl;idl;hpj;bat;asm;asmx</Extensions>
    </Filter>
    <Filter Include="헤더 파일">
      <UniqueIdentifier>{93995380-89BD-4b04-88EB-625FBE52EBFB}</UniqueIdentifier>
      <Extensions>h;hh;hpp;hxx;hm;inl;inc;ipp;xsd</Extensions>
    </Filter>
    <Filter Include="리소스 파일">
      <UniqueIdentifier>{67DA6AB6-F800-4c08-8B7A-83BB121AAD01}</UniqueIdentifier>
      <Extensions>rc;ico;cur;bmp;dlg;rc2;rct;bin;rgs;gif;jpg;jpeg;jpe;resx;tiff;tif;png;wav;mfcribbon-ms</Extensions>
    </Filter>
    <Filter Include="01. Mode">
      <UniqueIdentifier>{0e776ae2-eb15-448b-8f7b-2e2db45df90a}</UniqueIdentifier>
    </Filter>
    <Filter Include="02. Object">
      <UniqueIdentifier>{8653ccf4-0567-4aa3-8682-73fe3e56e275}</UniqueIdentifier>
    </Filter>
    <Filter Include="03. HLSL">
      <UniqueIdentifier>{b1f61e84-388c-401a-bf0b-6bf9e6387682}</UniqueIdentifier>
    </Filter>
    <Filter Include="02. Object\07. UI">
      <UniqueIdentifier>{e78da8b8-0a3d-446f-865c-343a90114fb2}</UniqueIdentifier>
    </Filter>
    <Filter Include="04. Editor">
      <UniqueIdentifier>{2f53c423-7533-4fef-a21e-de57989c0951}</UniqueIdentifier>
    </Filter>
    <Filter Include="02. Object\02. Monster">
      <UniqueIdentifier>{0f3fa19a-90a8-4ed5-a5ef-8aa263aa08d7}</UniqueIdentifier>
    </Filter>
    <Filter Include="02. Object\01. Player">
      <UniqueIdentifier>{ba6e8b8f-13e8-4a4d-be74-54f909bed3b6}</UniqueIdentifier>
    </Filter>
    <Filter Include="02. Object\03. Bullet">
      <UniqueIdentifier>{dca6fa0c-d64b-48d0-a218-a4a25b8a924c}</UniqueIdentifier>
    </Filter>
    <Filter Include="02. Object\04. Tree">
      <UniqueIdentifier>{6dd231c6-f9cd-4d63-88be-d0c96daf5291}</UniqueIdentifier>
    </Filter>
    <Filter Include="02. Object\05. Rock">
      <UniqueIdentifier>{9d07faf6-1e73-400c-94e5-1c4490122c7c}</UniqueIdentifier>
    </Filter>
    <Filter Include="02. Object\06. Geo">
      <UniqueIdentifier>{e5549b7f-5bd6-41bf-bc07-7e55afabb1ba}</UniqueIdentifier>
    </Filter>
    <Filter Include="01. Mode\01. Thread">
      <UniqueIdentifier>{598b3eee-dae6-4307-b9bd-40118cce954e}</UniqueIdentifier>
    </Filter>
    <Filter Include="01. Mode\02. Edit">
      <UniqueIdentifier>{7f9a63e2-51b9-4f0b-b824-7eae9cc858ed}</UniqueIdentifier>
    </Filter>
    <Filter Include="01. Mode\04. Start">
      <UniqueIdentifier>{72fdd848-7032-46b1-ab1a-6079a09ccab2}</UniqueIdentifier>
    </Filter>
    <Filter Include="01. Mode\05. Main">
      <UniqueIdentifier>{ce4f72ab-3e07-4b31-9f37-f84c01212845}</UniqueIdentifier>
    </Filter>
    <Filter Include="01. Mode\03. Loading">
      <UniqueIdentifier>{dc2a4be7-1d39-454d-9b7f-21c6aadf2ed5}</UniqueIdentifier>
    </Filter>
    <Filter Include="02. Object\02. Monster\01. Cyclops">
      <UniqueIdentifier>{6c54c707-5d42-4368-b212-a20bcb7bac31}</UniqueIdentifier>
    </Filter>
    <Filter Include="05. State">
      <UniqueIdentifier>{ac69888d-569f-4685-9e03-2a843c18ab6f}</UniqueIdentifier>
    </Filter>
    <Filter Include="05. State\01. Idle">
      <UniqueIdentifier>{e8cbc7dd-b27b-42df-b5a7-10fe4f9839a0}</UniqueIdentifier>
    </Filter>
    <Filter Include="05. State\02. Fight">
      <UniqueIdentifier>{081ef638-d9ac-4f91-bff1-3910f0112043}</UniqueIdentifier>
    </Filter>
    <Filter Include="05. State\03. Rage">
      <UniqueIdentifier>{fbb1638c-4b88-47dc-bbfb-dbc144629393}</UniqueIdentifier>
    </Filter>
    <Filter Include="05. State\04. Walk">
      <UniqueIdentifier>{53b1ffd4-5ebe-41f3-8b00-da546132c40e}</UniqueIdentifier>
    </Filter>
    <Filter Include="05. State\05. Die">
      <UniqueIdentifier>{f4e52b42-f6f6-4f3f-bc02-1dcdfe207637}</UniqueIdentifier>
    </Filter>
    <Filter Include="02. Object\08. Particle">
      <UniqueIdentifier>{ccaba3a4-85ee-4c55-a4b5-a43f36577f58}</UniqueIdentifier>
    </Filter>
    <Filter Include="02. Object\02. Monster\02. Goblin">
      <UniqueIdentifier>{df19fdff-92c6-4661-b356-f852ac2440a9}</UniqueIdentifier>
    </Filter>
    <Filter Include="02. Object\02. Monster\02. Goblin\01. Rock">
      <UniqueIdentifier>{1e307ddd-ddbf-4b36-bb7d-85e7f01b449f}</UniqueIdentifier>
    </Filter>
    <Filter Include="02. Object\02. Monster\02. Goblin\02. Arrow">
      <UniqueIdentifier>{f5f62314-ef48-4495-8685-fc739f102ae6}</UniqueIdentifier>
    </Filter>
    <Filter Include="06. Item">
      <UniqueIdentifier>{7f7bf718-c5be-41a2-a13f-3d66540e4915}</UniqueIdentifier>
    </Filter>
    <Filter Include="02. Object\09. Ride">
      <UniqueIdentifier>{752e6d46-4782-4bbe-867c-25c13383954e}</UniqueIdentifier>
    </Filter>
    <Filter Include="01. Mode\06. Town">
      <UniqueIdentifier>{f27a4ca5-6582-4001-8126-296e1987489a}</UniqueIdentifier>
    </Filter>
    <Filter Include="02. Object\10. NPC">
      <UniqueIdentifier>{91fa535f-8fa0-490b-a848-9ae14165d4a3}</UniqueIdentifier>
    </Filter>
    <Filter Include="02. Object\10. NPC\01. Tanara">
      <UniqueIdentifier>{18ecc8b2-c06c-43c9-9a9d-41e19fe7fb1f}</UniqueIdentifier>
    </Filter>
    <Filter Include="02. Object\10. NPC\02. Tati">
      <UniqueIdentifier>{97b7dd11-f0a8-483d-8313-d492da6e8746}</UniqueIdentifier>
    </Filter>
    <Filter Include="02. Object\10. NPC\03. Wounded Elin">
      <UniqueIdentifier>{ee9d0757-b738-41d6-b50a-f7c8869adb68}</UniqueIdentifier>
    </Filter>
    <Filter Include="02. Object\10. NPC\04. Iseulenia">
      <UniqueIdentifier>{8e749aa8-9281-4651-8eaf-13ffeb6e2be3}</UniqueIdentifier>
    </Filter>
    <Filter Include="02. Object\11. Ocean">
      <UniqueIdentifier>{65fccfe5-c678-49c9-b784-37eb34db6d77}</UniqueIdentifier>
    </Filter>
    <Filter Include="01. Mode\01. Thread\01. TownLoading">
      <UniqueIdentifier>{b50e8385-fc78-4f70-8d80-621226937eb2}</UniqueIdentifier>
    </Filter>
    <Filter Include="02. Object\12. Portal">
      <UniqueIdentifier>{0a4d5e7c-4229-40ce-b7fd-64c519c5fb8a}</UniqueIdentifier>
    </Filter>
    <Filter Include="02. Object\13. Coin">
      <UniqueIdentifier>{197f2aea-b048-47e7-a265-a11371ff088d}</UniqueIdentifier>
    </Filter>
    <Filter Include="01. Mode\05. Main\01. Dungeon">
      <UniqueIdentifier>{24beb771-f9f4-4ca7-8b1b-38fc72035063}</UniqueIdentifier>
    </Filter>
    <Filter Include="07. Sequence">
      <UniqueIdentifier>{4757f36e-f990-4951-9009-bc146f505121}</UniqueIdentifier>
    </Filter>
    <Filter Include="08. Quest">
      <UniqueIdentifier>{daae4269-ebc8-4aba-8fe8-2946dc9fb711}</UniqueIdentifier>
    </Filter>
  </ItemGroup>
  <ItemGroup>
    <ClCompile Include="Editor\Object\Geometry.cpp">
      <Filter>02. Object\06. Geo</Filter>
    </ClCompile>
    <ClCompile Include="Editor\Object\UI.cpp">
      <Filter>02. Object\07. UI</Filter>
    </ClCompile>
    <ClCompile Include="Editor\Object\Player3D.cpp">
      <Filter>02. Object\01. Player</Filter>
    </ClCompile>
    <ClCompile Include="Editor\Object\Monster3D.cpp">
      <Filter>02. Object\02. Monster</Filter>
    </ClCompile>
    <ClCompile Include="Editor\Object\Tree.cpp">
      <Filter>02. Object\04. Tree</Filter>
    </ClCompile>
    <ClCompile Include="Editor\Object\Rock.cpp">
      <Filter>02. Object\05. Rock</Filter>
    </ClCompile>
    <ClCompile Include="Editor\Object\Bullet3D.cpp">
      <Filter>02. Object\03. Bullet</Filter>
    </ClCompile>
    <ClCompile Include="Editor\GameMode\LoadingMode3D.cpp">
      <Filter>01. Mode\03. Loading</Filter>
    </ClCompile>
    <ClCompile Include="Editor\StartGameMode.cpp">
      <Filter>01. Mode\04. Start</Filter>
    </ClCompile>
    <ClCompile Include="Editor\GameMode\MainMode.cpp">
      <Filter>01. Mode\05. Main</Filter>
    </ClCompile>
    <ClCompile Include="Editor\Object\Inventory3D.cpp">
      <Filter>02. Object\07. UI</Filter>
    </ClCompile>
    <ClCompile Include="Editor\Object\Equip.cpp">
      <Filter>02. Object\07. UI</Filter>
    </ClCompile>
    <ClCompile Include="Editor\Object\InvenButton.cpp">
      <Filter>02. Object\07. UI</Filter>
    </ClCompile>
    <ClCompile Include="Editor\Object\EquipButton.cpp">
      <Filter>02. Object\07. UI</Filter>
    </ClCompile>
    <ClCompile Include="Editor\Object\TargetUI.cpp">
      <Filter>02. Object\07. UI</Filter>
    </ClCompile>
    <ClCompile Include="Editor\Object\Cyclops.cpp">
      <Filter>02. Object\02. Monster\01. Cyclops</Filter>
    </ClCompile>
    <ClCompile Include="Editor\Object\Ride.cpp">
      <Filter>02. Object\09. Ride</Filter>
    </ClCompile>
    <ClCompile Include="Editor\Object\CylopsBall.cpp">
      <Filter>02. Object\02. Monster\01. Cyclops</Filter>
    </ClCompile>
    <ClCompile Include="Editor\Object\Particle3D.cpp">
      <Filter>02. Object\08. Particle</Filter>
    </ClCompile>
    <ClCompile Include="Editor\Object\Goblin.cpp">
      <Filter>02. Object\02. Monster\02. Goblin</Filter>
    </ClCompile>
    <ClCompile Include="Editor\Object\GoblinRock.cpp">
      <Filter>02. Object\02. Monster\02. Goblin\01. Rock</Filter>
    </ClCompile>
    <ClCompile Include="Editor\Object\GoblinArrow.cpp">
      <Filter>02. Object\02. Monster\02. Goblin\02. Arrow</Filter>
    </ClCompile>
    <ClCompile Include="Editor\Object\BlueFlame.cpp">
      <Filter>02. Object\03. Bullet</Filter>
    </ClCompile>
    <ClCompile Include="Editor\Object\LootingWindow.cpp">
      <Filter>02. Object\07. UI</Filter>
    </ClCompile>
    <ClCompile Include="Editor\Editor3D.cpp">
      <Filter>04. Editor</Filter>
    </ClCompile>
    <ClCompile Include="Editor\State.cpp">
      <Filter>05. State</Filter>
    </ClCompile>
    <ClCompile Include="Editor\Die.cpp">
      <Filter>05. State\05. Die</Filter>
    </ClCompile>
    <ClCompile Include="Editor\Fight.cpp">
      <Filter>05. State\02. Fight</Filter>
    </ClCompile>
    <ClCompile Include="Editor\Idle.cpp">
      <Filter>05. State\01. Idle</Filter>
    </ClCompile>
    <ClCompile Include="Editor\Rage.cpp">
      <Filter>05. State\03. Rage</Filter>
    </ClCompile>
    <ClCompile Include="Editor\Walk.cpp">
      <Filter>05. State\04. Walk</Filter>
    </ClCompile>
    <ClCompile Include="Editor\LoadingThread3D.cpp">
      <Filter>01. Mode\01. Thread</Filter>
    </ClCompile>
    <ClCompile Include="Editor\EditMode.cpp">
      <Filter>01. Mode\02. Edit</Filter>
    </ClCompile>
    <ClCompile Include="Editor\main.cpp">
      <Filter>소스 파일</Filter>
    </ClCompile>
    <ClCompile Include="Editor\Item.cpp">
      <Filter>06. Item</Filter>
    </ClCompile>
    <ClCompile Include="Editor\GameMode\Town.cpp">
      <Filter>01. Mode\06. Town</Filter>
    </ClCompile>
    <ClCompile Include="Editor\Object\NPC.cpp">
      <Filter>02. Object\10. NPC</Filter>
    </ClCompile>
    <ClCompile Include="Editor\Object\Tanara.cpp">
      <Filter>02. Object\10. NPC\01. Tanara</Filter>
    </ClCompile>
    <ClCompile Include="Editor\Object\Tati.cpp">
      <Filter>02. Object\10. NPC\02. Tati</Filter>
    </ClCompile>
    <ClCompile Include="Editor\Object\WoundedElin.cpp">
      <Filter>02. Object\10. NPC\03. Wounded Elin</Filter>
    </ClCompile>
    <ClCompile Include="Editor\Object\Iseulenia.cpp">
      <Filter>02. Object\10. NPC\04. Iseulenia</Filter>
    </ClCompile>
    <ClCompile Include="Editor\Object\GoblinSword.cpp">
      <Filter>02. Object\02. Monster\02. Goblin</Filter>
    </ClCompile>
    <ClCompile Include="Editor\Object\BladePlayer.cpp">
      <Filter>02. Object\01. Player</Filter>
    </ClCompile>
    <ClCompile Include="Editor\Object\Ocean.cpp">
      <Filter>02. Object\11. Ocean</Filter>
    </ClCompile>
    <ClCompile Include="Editor\Object\DungeonUI.cpp">
      <Filter>02. Object\07. UI</Filter>
    </ClCompile>
    <ClCompile Include="Editor\Object\MissionUI.cpp">
      <Filter>02. Object\07. UI</Filter>
    </ClCompile>
    <ClCompile Include="Shop.cpp">
      <Filter>02. Object\07. UI</Filter>
    </ClCompile>
    <ClCompile Include="TownLoadingThread.cpp">
      <Filter>01. Mode\01. Thread\01. TownLoading</Filter>
    </ClCompile>
    <ClCompile Include="Editor\Object\Portal.cpp">
      <Filter>02. Object\12. Portal</Filter>
    </ClCompile>
    <ClCompile Include="Editor\Object\Coin.cpp">
      <Filter>02. Object\13. Coin</Filter>
    </ClCompile>
    <ClCompile Include="Editor\Object\StaffPlayer.cpp">
      <Filter>02. Object\01. Player</Filter>
    </ClCompile>
    <ClCompile Include="Dialog.cpp">
      <Filter>02. Object\07. UI</Filter>
    </ClCompile>
    <ClCompile Include="Editor\GameMode\Dungeon.cpp">
      <Filter>01. Mode\05. Main\01. Dungeon</Filter>
    </ClCompile>
    <ClCompile Include="Editor\Object\Char.cpp">
      <Filter>02. Object\07. UI</Filter>
    </ClCompile>
    <ClCompile Include="Sequence.cpp">
      <Filter>07. Sequence</Filter>
    </ClCompile>
    <ClCompile Include="Quest.cpp">
      <Filter>08. Quest</Filter>
    </ClCompile>
    <ClCompile Include="Editor\Object\ChatWindow.cpp">
      <Filter>02. Object\07. UI</Filter>
    </ClCompile>
  </ItemGroup>
  <ItemGroup>
    <ClInclude Include="Editor\Object\Geometry.h">
      <Filter>02. Object\06. Geo</Filter>
    </ClInclude>
    <ClInclude Include="Editor\Object\UI.h">
      <Filter>02. Object\07. UI</Filter>
    </ClInclude>
    <ClInclude Include="Editor\Object\Player3D.h">
      <Filter>02. Object\01. Player</Filter>
    </ClInclude>
    <ClInclude Include="Editor\Object\Monster3D.h">
      <Filter>02. Object\02. Monster</Filter>
    </ClInclude>
    <ClInclude Include="Editor\Object\Tree.h">
      <Filter>02. Object\04. Tree</Filter>
    </ClInclude>
    <ClInclude Include="Editor\Object\Rock.h">
      <Filter>02. Object\05. Rock</Filter>
    </ClInclude>
    <ClInclude Include="Editor\Object\Bullet3D.h">
      <Filter>02. Object\03. Bullet</Filter>
    </ClInclude>
    <ClInclude Include="Editor\GameMode\LoadingMode3D.h">
      <Filter>01. Mode\03. Loading</Filter>
    </ClInclude>
    <ClInclude Include="Editor\StartGameMode.h">
      <Filter>01. Mode\04. Start</Filter>
    </ClInclude>
    <ClInclude Include="Editor\GameMode\MainMode.h">
      <Filter>01. Mode\05. Main</Filter>
    </ClInclude>
    <ClInclude Include="Editor\Object\Inventory3D.h">
      <Filter>02. Object\07. UI</Filter>
    </ClInclude>
    <ClInclude Include="Editor\Object\Equip.h">
      <Filter>02. Object\07. UI</Filter>
    </ClInclude>
    <ClInclude Include="Editor\Object\InvenButton.h">
      <Filter>02. Object\07. UI</Filter>
    </ClInclude>
    <ClInclude Include="Editor\Object\EquipButton.h">
      <Filter>02. Object\07. UI</Filter>
    </ClInclude>
    <ClInclude Include="Editor\Object\TargetUI.h">
      <Filter>02. Object\07. UI</Filter>
    </ClInclude>
    <ClInclude Include="Editor\Object\Cyclops.h">
      <Filter>02. Object\02. Monster\01. Cyclops</Filter>
    </ClInclude>
    <ClInclude Include="Editor\Object\Ride.h">
      <Filter>02. Object\09. Ride</Filter>
    </ClInclude>
    <ClInclude Include="Editor\Object\CylopsBall.h">
      <Filter>02. Object\02. Monster\01. Cyclops</Filter>
    </ClInclude>
    <ClInclude Include="Editor\Object\Particle3D.h">
      <Filter>02. Object\08. Particle</Filter>
    </ClInclude>
    <ClInclude Include="Editor\Object\Goblin.h">
      <Filter>02. Object\02. Monster\02. Goblin</Filter>
    </ClInclude>
    <ClInclude Include="Editor\Object\GoblinRock.h">
      <Filter>02. Object\02. Monster\02. Goblin\01. Rock</Filter>
    </ClInclude>
    <ClInclude Include="Editor\Object\GoblinArrow.h">
      <Filter>02. Object\02. Monster\02. Goblin\02. Arrow</Filter>
    </ClInclude>
    <ClInclude Include="Editor\Object\BlueFlame.h">
      <Filter>02. Object\03. Bullet</Filter>
    </ClInclude>
    <ClInclude Include="Editor\Object\LootingWindow.h">
      <Filter>02. Object\07. UI</Filter>
    </ClInclude>
    <ClInclude Include="Editor\Editor.h">
      <Filter>헤더 파일</Filter>
    </ClInclude>
    <ClInclude Include="Editor\EditorFlags.h">
      <Filter>헤더 파일</Filter>
    </ClInclude>
    <ClInclude Include="Editor\Editor3D.h">
      <Filter>04. Editor</Filter>
    </ClInclude>
    <ClInclude Include="Editor\State.h">
      <Filter>05. State</Filter>
    </ClInclude>
    <ClInclude Include="Editor\Die.h">
      <Filter>05. State\05. Die</Filter>
    </ClInclude>
    <ClInclude Include="Editor\Fight.h">
      <Filter>05. State\02. Fight</Filter>
    </ClInclude>
    <ClInclude Include="Editor\Idle.h">
      <Filter>05. State\01. Idle</Filter>
    </ClInclude>
    <ClInclude Include="Editor\Rage.h">
      <Filter>05. State\03. Rage</Filter>
    </ClInclude>
    <ClInclude Include="Editor\Walk.h">
      <Filter>05. State\04. Walk</Filter>
    </ClInclude>
    <ClInclude Include="Editor\LoadingThread3D.h">
      <Filter>01. Mode\01. Thread</Filter>
    </ClInclude>
    <ClInclude Include="Editor\EditMode.h">
      <Filter>01. Mode\02. Edit</Filter>
    </ClInclude>
    <ClInclude Include="Editor\Item.h">
      <Filter>06. Item</Filter>
    </ClInclude>
    <ClInclude Include="Editor\GameMode\Town.h">
      <Filter>01. Mode\06. Town</Filter>
    </ClInclude>
    <ClInclude Include="Editor\Object\NPC.h">
      <Filter>02. Object\10. NPC</Filter>
    </ClInclude>
    <ClInclude Include="Editor\Object\Tanara.h">
      <Filter>02. Object\10. NPC\01. Tanara</Filter>
    </ClInclude>
    <ClInclude Include="Editor\Object\Tati.h">
      <Filter>02. Object\10. NPC\02. Tati</Filter>
    </ClInclude>
    <ClInclude Include="Editor\Object\WoundedElin.h">
      <Filter>02. Object\10. NPC\03. Wounded Elin</Filter>
    </ClInclude>
    <ClInclude Include="Editor\Object\Iseulenia.h">
      <Filter>02. Object\10. NPC\04. Iseulenia</Filter>
    </ClInclude>
    <ClInclude Include="Editor\Object\GoblinSword.h">
      <Filter>02. Object\02. Monster\02. Goblin</Filter>
    </ClInclude>
    <ClInclude Include="Editor\Object\BladePlayer.h">
      <Filter>02. Object\01. Player</Filter>
    </ClInclude>
    <ClInclude Include="Editor\Object\Ocean.h">
      <Filter>02. Object\11. Ocean</Filter>
    </ClInclude>
    <ClInclude Include="resource.h">
      <Filter>헤더 파일</Filter>
    </ClInclude>
    <ClInclude Include="Editor\Object\DungeonUI.h">
      <Filter>02. Object\07. UI</Filter>
    </ClInclude>
    <ClInclude Include="Editor\Object\MissionUI.h">
      <Filter>02. Object\07. UI</Filter>
    </ClInclude>
    <ClInclude Include="Shop.h">
      <Filter>02. Object\07. UI</Filter>
    </ClInclude>
    <ClInclude Include="TownLoadingThread.h">
      <Filter>01. Mode\01. Thread\01. TownLoading</Filter>
    </ClInclude>
    <ClInclude Include="Editor\Object\Portal.h">
      <Filter>02. Object\12. Portal</Filter>
    </ClInclude>
    <ClInclude Include="Editor\Object\Coin.h">
      <Filter>02. Object\13. Coin</Filter>
    </ClInclude>
    <ClInclude Include="Editor\Object\StaffPlayer.h">
      <Filter>02. Object\01. Player</Filter>
    </ClInclude>
    <ClInclude Include="Dialog.h">
      <Filter>02. Object\07. UI</Filter>
    </ClInclude>
    <ClInclude Include="Editor\GameMode\Dungeon.h">
      <Filter>01. Mode\05. Main\01. Dungeon</Filter>
    </ClInclude>
    <ClInclude Include="Editor\Object\Char.h">
      <Filter>02. Object\07. UI</Filter>
    </ClInclude>
    <ClInclude Include="Sequence.h">
      <Filter>07. Sequence</Filter>
    </ClInclude>
    <ClInclude Include="Quest.h">
      <Filter>08. Quest</Filter>
    </ClInclude>
    <ClInclude Include="Editor\Object\ChatWindow.h">
      <Filter>02. Object\07. UI</Filter>
    </ClInclude>
  </ItemGroup>
  <ItemGroup>
    <ResourceCompile Include="Editor.rc">
      <Filter>리소스 파일</Filter>
    </ResourceCompile>
  </ItemGroup>
  <ItemGroup>
    <Image Include="icon1.ico">
      <Filter>리소스 파일</Filter>
    </Image>
  </ItemGroup>
  <ItemGroup>
    <None Include="EditorCopy.bat">
      <Filter>소스 파일</Filter>
    </None>
  </ItemGroup>
  <ItemGroup>
    <FxCompile Include="..\Bin\Resource\Shader\pyramid.fx">
      <Filter>03. HLSL</Filter>
    </FxCompile>
    <FxCompile Include="..\Bin\Resource\Shader\LightHelper.fx">
      <Filter>03. HLSL</Filter>
    </FxCompile>
    <FxCompile Include="..\Bin\Resource\Shader\light.fx">
      <Filter>03. HLSL</Filter>
    </FxCompile>
    <FxCompile Include="..\Bin\Resource\Shader\CoolTime.fx">
      <Filter>03. HLSL</Filter>
    </FxCompile>
    <FxCompile Include="..\Bin\Resource\Shader\Ocean.fx">
      <Filter>03. HLSL</Filter>
    </FxCompile>
  </ItemGroup>
</Project>