<?xml version="1.0" encoding="utf-8"?>
<Project ToolsVersion="4.0" xmlns="http://schemas.microsoft.com/developer/msbuild/2003">
  <ItemGroup>
    <Filter Include="소스 파일">
      <UniqueIdentifier>{4FC737F1-C7A5-4376-A066-2A32D752A2FF}</UniqueIdentifier>
      <Extensions>cpp;c;cc;cxx;def;odl;idl;hpj;bat;asm;asmx</Extensions>
    </Filter>
    <Filter Include="헤더 파일">
      <UniqueIdentifier>{93995380-89BD-4b04-88EB-625FBE52EBFB}</UniqueIdentifier>
      <Extensions>h;hh;hpp;hxx;hm;inl;inc;ipp;xsd</Extensions>
    </Filter>
    <Filter Include="리소스 파일">
      <UniqueIdentifier>{67DA6AB6-F800-4c08-8B7A-83BB121AAD01}</UniqueIdentifier>
      <Extensions>rc;ico;cur;bmp;dlg;rc2;rct;bin;rgs;gif;jpg;jpeg;jpe;resx;tiff;tif;png;wav;mfcribbon-ms</Extensions>
    </Filter>
    <Filter Include="01. GameMode">
      <UniqueIdentifier>{bca7e6d3-c241-41c5-a338-25dec49da120}</UniqueIdentifier>
    </Filter>
    <Filter Include="02. Object">
      <UniqueIdentifier>{3208624e-37a4-4b45-b89b-a0d9155d8712}</UniqueIdentifier>
    </Filter>
    <Filter Include="02. Object\01. Player">
      <UniqueIdentifier>{7dff3a49-b4b1-49f0-a504-5f0842a37eb1}</UniqueIdentifier>
    </Filter>
    <Filter Include="02. Object\02. Minion">
      <UniqueIdentifier>{f602dfb9-7244-4239-b14a-023696e4f1d9}</UniqueIdentifier>
    </Filter>
    <Filter Include="02. Object\03. UI">
      <UniqueIdentifier>{ace2c65f-4147-4198-a896-26fa916ea1bc}</UniqueIdentifier>
    </Filter>
    <Filter Include="02. Object\04. Tile">
      <UniqueIdentifier>{994dc31b-afbd-4f75-a9f3-79f23d4e84a1}</UniqueIdentifier>
    </Filter>
    <Filter Include="03. Client">
      <UniqueIdentifier>{fb386c86-618e-4f87-af11-7e22c709e0a5}</UniqueIdentifier>
    </Filter>
    <Filter Include="02. Object\05. Ride">
      <UniqueIdentifier>{2acc37c4-2ca4-4389-a720-d25fa1c88e8d}</UniqueIdentifier>
    </Filter>
    <Filter Include="02. Object\06. Effect">
      <UniqueIdentifier>{61ef3e77-a466-47ee-b11b-e01a748dbeea}</UniqueIdentifier>
    </Filter>
    <Filter Include="04. Thread">
      <UniqueIdentifier>{6f1bb1cf-2e4e-4c39-bf41-b557118413b3}</UniqueIdentifier>
    </Filter>
    <Filter Include="05. Socket">
      <UniqueIdentifier>{6d434ce0-309c-434a-a666-ea23c7cb9575}</UniqueIdentifier>
    </Filter>
  </ItemGroup>
  <ItemGroup>
    <ClCompile Include="main.cpp">
      <Filter>소스 파일</Filter>
    </ClCompile>
    <ClCompile Include="Client\GameMode\StartGameMode.cpp">
      <Filter>01. GameMode</Filter>
    </ClCompile>
    <ClCompile Include="Client\GameMode\MainGameMode.cpp">
      <Filter>01. GameMode</Filter>
    </ClCompile>
    <ClCompile Include="Client\Object\Player.cpp">
      <Filter>02. Object\01. Player</Filter>
    </ClCompile>
    <ClCompile Include="Client\Object\Minion.cpp">
      <Filter>02. Object\02. Minion</Filter>
    </ClCompile>
    <ClCompile Include="Client\Object\Bullet.cpp">
      <Filter>02. Object\01. Player</Filter>
    </ClCompile>
    <ClCompile Include="Client\UI\ClientButton.cpp">
      <Filter>02. Object\03. UI</Filter>
    </ClCompile>
    <ClCompile Include="Client\UI\CheckBox.cpp">
      <Filter>02. Object\03. UI</Filter>
    </ClCompile>
    <ClCompile Include="Client\UI\Br.cpp">
      <Filter>02. Object\03. UI</Filter>
    </ClCompile>
    <ClCompile Include="Client\Object\Tile.cpp">
      <Filter>02. Object\04. Tile</Filter>
    </ClCompile>
    <ClCompile Include="Client\Object\TileObj.cpp">
      <Filter>02. Object\04. Tile</Filter>
    </ClCompile>
    <ClCompile Include="Client\UI\Inventory.cpp">
      <Filter>02. Object\03. UI</Filter>
    </ClCompile>
    <ClCompile Include="Client\UI\RadioBox.cpp">
      <Filter>02. Object\03. UI</Filter>
    </ClCompile>
    <ClCompile Include="Client\UI\SliderControl.cpp">
      <Filter>02. Object\03. UI</Filter>
    </ClCompile>
    <ClCompile Include="Client\UI\UIPanel.cpp">
      <Filter>02. Object\03. UI</Filter>
    </ClCompile>
    <ClCompile Include="Client\Object\MinionBullet.cpp">
      <Filter>02. Object\02. Minion</Filter>
    </ClCompile>
    <ClCompile Include="Client\ClientCreateSystem.cpp">
      <Filter>03. Client</Filter>
    </ClCompile>
    <ClCompile Include="Client\GameMode\ClientInstance.cpp">
      <Filter>03. Client</Filter>
    </ClCompile>
    <ClCompile Include="Client\Object\Marry.cpp">
      <Filter>02. Object\05. Ride</Filter>
    </ClCompile>
    <ClCompile Include="Client\Object\Effect.cpp">
      <Filter>02. Object\06. Effect</Filter>
    </ClCompile>
    <ClCompile Include="Client\Setting.cpp">
      <Filter>01. GameMode</Filter>
    </ClCompile>
    <ClCompile Include="Client\Object\Coaster.cpp">
      <Filter>02. Object\05. Ride</Filter>
    </ClCompile>
    <ClCompile Include="Client\UI\ConstructionWindow.cpp">
      <Filter>02. Object\03. UI</Filter>
    </ClCompile>
    <ClCompile Include="Client\GameMode\LoadingMode.cpp">
      <Filter>01. GameMode</Filter>
    </ClCompile>
    <ClCompile Include="Client\UI\PathWindow.cpp">
      <Filter>02. Object\03. UI</Filter>
    </ClCompile>
    <ClCompile Include="Client\UI\RideWindow.cpp">
      <Filter>02. Object\03. UI</Filter>
    </ClCompile>
    <ClCompile Include="Client\UI\Window.cpp">
      <Filter>02. Object\03. UI</Filter>
    </ClCompile>
    <ClCompile Include="Client\GameMode\LodingMode.cpp">
      <Filter>01. GameMode</Filter>
    </ClCompile>
    <ClCompile Include="Client\LoadingThread.cpp">
      <Filter>04. Thread</Filter>
    </ClCompile>
    <ClCompile Include="Client\Socket\SocketManager.cpp">
      <Filter>05. Socket</Filter>
    </ClCompile>
  </ItemGroup>
  <ItemGroup>
    <ClInclude Include="Client.h">
      <Filter>헤더 파일</Filter>
    </ClInclude>
    <ClInclude Include="resource.h">
      <Filter>헤더 파일</Filter>
    </ClInclude>
    <ClInclude Include="Client\GameMode\StartGameMode.h">
      <Filter>01. GameMode</Filter>
    </ClInclude>
    <ClInclude Include="Client\GameMode\MainGameMode.h">
      <Filter>01. GameMode</Filter>
    </ClInclude>
    <ClInclude Include="Client\Object\Player.h">
      <Filter>02. Object\01. Player</Filter>
    </ClInclude>
    <ClInclude Include="Client\Object\Minion.h">
      <Filter>02. Object\02. Minion</Filter>
    </ClInclude>
    <ClInclude Include="Client\Object\Bullet.h">
      <Filter>02. Object\01. Player</Filter>
    </ClInclude>
    <ClInclude Include="Client\UI\ClientButton.h">
      <Filter>02. Object\03. UI</Filter>
    </ClInclude>
    <ClInclude Include="Client\UI\CheckBox.h">
      <Filter>02. Object\03. UI</Filter>
    </ClInclude>
    <ClInclude Include="Client\UI\Br.h">
      <Filter>02. Object\03. UI</Filter>
    </ClInclude>
    <ClInclude Include="Client\Object\Tile.h">
      <Filter>02. Object\04. Tile</Filter>
    </ClInclude>
    <ClInclude Include="Client\Object\TileObj.h">
      <Filter>02. Object\04. Tile</Filter>
    </ClInclude>
    <ClInclude Include="Client\UI\Inventory.h">
      <Filter>02. Object\03. UI</Filter>
    </ClInclude>
    <ClInclude Include="Client\UI\RadioBox.h">
      <Filter>02. Object\03. UI</Filter>
    </ClInclude>
    <ClInclude Include="Client\UI\SliderControl.h">
      <Filter>02. Object\03. UI</Filter>
    </ClInclude>
    <ClInclude Include="Client\UI\UIPanel.h">
      <Filter>02. Object\03. UI</Filter>
    </ClInclude>
    <ClInclude Include="Client\Object\MinionBullet.h">
      <Filter>02. Object\02. Minion</Filter>
    </ClInclude>
    <ClInclude Include="Client\ClientInstance.h">
      <Filter>03. Client</Filter>
    </ClInclude>
    <ClInclude Include="Client\ClientCreateSystem.h">
      <Filter>03. Client</Filter>
    </ClInclude>
    <ClInclude Include="Client\Object\Marry.h">
      <Filter>02. Object\05. Ride</Filter>
    </ClInclude>
    <ClInclude Include="Client\Object\Effect.h">
      <Filter>02. Object\06. Effect</Filter>
    </ClInclude>
    <ClInclude Include="Client\Setting.h">
      <Filter>01. GameMode</Filter>
    </ClInclude>
    <ClInclude Include="Client\Object\Coaster.h">
      <Filter>02. Object\05. Ride</Filter>
    </ClInclude>
    <ClInclude Include="Client\UI\ConstructionWindow.h">
      <Filter>02. Object\03. UI</Filter>
    </ClInclude>
    <ClInclude Include="Client\GameMode\LoadingMode.h">
      <Filter>01. GameMode</Filter>
    </ClInclude>
    <ClInclude Include="Client\UI\PathWindow.h">
      <Filter>02. Object\03. UI</Filter>
    </ClInclude>
    <ClInclude Include="Client\UI\RideWindow.h">
      <Filter>02. Object\03. UI</Filter>
    </ClInclude>
    <ClInclude Include="Client\UI\Window.h">
      <Filter>02. Object\03. UI</Filter>
    </ClInclude>
    <ClInclude Include="Client\GameMode\LodingMode.h">
      <Filter>01. GameMode</Filter>
    </ClInclude>
    <ClInclude Include="Client\LoadingThread.h">
      <Filter>04. Thread</Filter>
    </ClInclude>
    <ClInclude Include="Client\Socket\SocketManager.h">
      <Filter>05. Socket</Filter>
    </ClInclude>
  </ItemGroup>
  <ItemGroup>
    <ResourceCompile Include="GameClient.rc">
      <Filter>리소스 파일</Filter>
    </ResourceCompile>
  </ItemGroup>
  <ItemGroup>
    <Image Include="icon1.ico">
      <Filter>헤더 파일</Filter>
    </Image>
  </ItemGroup>
</Project>